
Microsoft Visual Studio Solution File, Format Version 12.00
# Visual Studio Version 16
VisualStudioVersion = 16.6.30114.105
MinimumVisualStudioVersion = 10.0.40219.1
Project("{FAE04EC0-301F-11D3-BF4B-00C04F79EFBC}") = "ToyRobot", "ToyRobot\ToyRobot.csproj", "{7D1A3C24-4F6A-41CF-B833-B0768148C3D8}"
EndProject
Project("{FAE04EC0-301F-11D3-BF4B-00C04F79EFBC}") = "ToyRobotTests", "ToyRobotTests\ToyRobotTests.csproj", "{F32B2505-F982-4778-BBFE-A14549A7E4DD}"
EndProject
Project("{FAE04EC0-301F-11D3-BF4B-00C04F79EFBC}") = "ToyRobotApp", "ToyRobotApp\ToyRobotApp.csproj", "{C576E07A-5FA7-4D03-AB39-C0DFCF8B5C12}"
EndProject
Global
	GlobalSection(SolutionConfigurationPlatforms) = preSolution
		Debug|Any CPU = Debug|Any CPU
		Debug|x64 = Debug|x64
		Debug|x86 = Debug|x86
		Release|Any CPU = Release|Any CPU
		Release|x64 = Release|x64
		Release|x86 = Release|x86
	EndGlobalSection
	GlobalSection(SolutionProperties) = preSolution
		HideSolutionNode = FALSE
	EndGlobalSection
	GlobalSection(ProjectConfigurationPlatforms) = postSolution
		{7D1A3C24-4F6A-41CF-B833-B0768148C3D8}.Debug|Any CPU.ActiveCfg = Debug|Any CPU
		{7D1A3C24-4F6A-41CF-B833-B0768148C3D8}.Debug|Any CPU.Build.0 = Debug|Any CPU
		{7D1A3C24-4F6A-41CF-B833-B0768148C3D8}.Debug|x64.ActiveCfg = Debug|Any CPU
		{7D1A3C24-4F6A-41CF-B833-B0768148C3D8}.Debug|x64.Build.0 = Debug|Any CPU
		{7D1A3C24-4F6A-41CF-B833-B0768148C3D8}.Debug|x86.ActiveCfg = Debug|Any CPU
		{7D1A3C24-4F6A-41CF-B833-B0768148C3D8}.Debug|x86.Build.0 = Debug|Any CPU
		{7D1A3C24-4F6A-41CF-B833-B0768148C3D8}.Release|Any CPU.ActiveCfg = Release|Any CPU
		{7D1A3C24-4F6A-41CF-B833-B0768148C3D8}.Release|Any CPU.Build.0 = Release|Any CPU
		{7D1A3C24-4F6A-41CF-B833-B0768148C3D8}.Release|x64.ActiveCfg = Release|Any CPU
		{7D1A3C24-4F6A-41CF-B833-B0768148C3D8}.Release|x64.Build.0 = Release|Any CPU
		{7D1A3C24-4F6A-41CF-B833-B0768148C3D8}.Release|x86.ActiveCfg = Release|Any CPU
		{7D1A3C24-4F6A-41CF-B833-B0768148C3D8}.Release|x86.Build.0 = Release|Any CPU
		{F32B2505-F982-4778-BBFE-A14549A7E4DD}.Debug|Any CPU.ActiveCfg = Debug|Any CPU
		{F32B2505-F982-4778-BBFE-A14549A7E4DD}.Debug|Any CPU.Build.0 = Debug|Any CPU
		{F32B2505-F982-4778-BBFE-A14549A7E4DD}.Debug|x64.ActiveCfg = Debug|Any CPU
		{F32B2505-F982-4778-BBFE-A14549A7E4DD}.Debug|x64.Build.0 = Debug|Any CPU
		{F32B2505-F982-4778-BBFE-A14549A7E4DD}.Debug|x86.ActiveCfg = Debug|Any CPU
		{F32B2505-F982-4778-BBFE-A14549A7E4DD}.Debug|x86.Build.0 = Debug|Any CPU
		{F32B2505-F982-4778-BBFE-A14549A7E4DD}.Release|Any CPU.ActiveCfg = Release|Any CPU
		{F32B2505-F982-4778-BBFE-A14549A7E4DD}.Release|Any CPU.Build.0 = Release|Any CPU
		{F32B2505-F982-4778-BBFE-A14549A7E4DD}.Release|x64.ActiveCfg = Release|Any CPU
		{F32B2505-F982-4778-BBFE-A14549A7E4DD}.Release|x64.Build.0 = Release|Any CPU
		{F32B2505-F982-4778-BBFE-A14549A7E4DD}.Release|x86.ActiveCfg = Release|Any CPU
		{F32B2505-F982-4778-BBFE-A14549A7E4DD}.Release|x86.Build.0 = Release|Any CPU
		{C576E07A-5FA7-4D03-AB39-C0DFCF8B5C12}.Debug|Any CPU.ActiveCfg = Debug|Any CPU
		{C576E07A-5FA7-4D03-AB39-C0DFCF8B5C12}.Debug|Any CPU.Build.0 = Debug|Any CPU
		{C576E07A-5FA7-4D03-AB39-C0DFCF8B5C12}.Debug|x64.ActiveCfg = Debug|Any CPU
		{C576E07A-5FA7-4D03-AB39-C0DFCF8B5C12}.Debug|x64.Build.0 = Debug|Any CPU
		{C576E07A-5FA7-4D03-AB39-C0DFCF8B5C12}.Debug|x86.ActiveCfg = Debug|Any CPU
		{C576E07A-5FA7-4D03-AB39-C0DFCF8B5C12}.Debug|x86.Build.0 = Debug|Any CPU
		{C576E07A-5FA7-4D03-AB39-C0DFCF8B5C12}.Release|Any CPU.ActiveCfg = Release|Any CPU
		{C576E07A-5FA7-4D03-AB39-C0DFCF8B5C12}.Release|Any CPU.Build.0 = Release|Any CPU
		{C576E07A-5FA7-4D03-AB39-C0DFCF8B5C12}.Release|x64.ActiveCfg = Release|Any CPU
		{C576E07A-5FA7-4D03-AB39-C0DFCF8B5C12}.Release|x64.Build.0 = Release|Any CPU
		{C576E07A-5FA7-4D03-AB39-C0DFCF8B5C12}.Release|x86.ActiveCfg = Release|Any CPU
		{C576E07A-5FA7-4D03-AB39-C0DFCF8B5C12}.Release|x86.Build.0 = Release|Any CPU
	EndGlobalSection
EndGlobal
